
Microsoft Visual Studio Solution File, Format Version 12.00
# Visual Studio Version 17
VisualStudioVersion = 17.0.31903.59
MinimumVisualStudioVersion = 10.0.40219.1
Project("{2150E333-8FDC-42A3-9474-1A3956D46DE8}") = "src", "src", "{B12A8AE2-35E6-4FF7-B4DF-FC0581999310}"
EndProject
Project("{2150E333-8FDC-42A3-9474-1A3956D46DE8}") = "test", "test", "{186519D3-6B61-4B71-BD78-67B2BD050382}"
EndProject
Project("{FAE04EC0-301F-11D3-BF4B-00C04F79EFBC}") = "Sharpener.Revit", "src\Sharpener.Revit\Sharpener.Revit.csproj", "{5082CAF9-9F67-4D22-A085-B8802F22870E}"
EndProject
Project("{2150E333-8FDC-42A3-9474-1A3956D46DE8}") = "stubs", "stubs", "{D130FAE2-AB63-4437-8588-9FCF4FF2399F}"
EndProject
Global
	GlobalSection(SolutionConfigurationPlatforms) = preSolution
		Debug|Any CPU = Debug|Any CPU
		Release|Any CPU = Release|Any CPU
	EndGlobalSection
	GlobalSection(SolutionProperties) = preSolution
		HideSolutionNode = FALSE
	EndGlobalSection
	GlobalSection(NestedProjects) = preSolution
		{5082CAF9-9F67-4D22-A085-B8802F22870E} = {B12A8AE2-35E6-4FF7-B4DF-FC0581999310}
		{1B21387A-AEFA-4E05-B833-DF536FBBE9FF} = {D130FAE2-AB63-4437-8588-9FCF4FF2399F}
		{42C52ED0-F0DF-48B1-959A-2A8541874850} = {D130FAE2-AB63-4437-8588-9FCF4FF2399F}
	EndGlobalSection
	GlobalSection(ProjectConfigurationPlatforms) = postSolution
		{5082CAF9-9F67-4D22-A085-B8802F22870E}.Debug|Any CPU.ActiveCfg = Debug|Any CPU
		{5082CAF9-9F67-4D22-A085-B8802F22870E}.Debug|Any CPU.Build.0 = Debug|Any CPU
		{5082CAF9-9F67-4D22-A085-B8802F22870E}.Release|Any CPU.ActiveCfg = Release|Any CPU
		{5082CAF9-9F67-4D22-A085-B8802F22870E}.Release|Any CPU.Build.0 = Release|Any CPU
		{1B21387A-AEFA-4E05-B833-DF536FBBE9FF}.Debug|Any CPU.ActiveCfg = Debug|Any CPU
		{1B21387A-AEFA-4E05-B833-DF536FBBE9FF}.Debug|Any CPU.Build.0 = Debug|Any CPU
		{1B21387A-AEFA-4E05-B833-DF536FBBE9FF}.Release|Any CPU.ActiveCfg = Release|Any CPU
		{1B21387A-AEFA-4E05-B833-DF536FBBE9FF}.Release|Any CPU.Build.0 = Release|Any CPU
		{42C52ED0-F0DF-48B1-959A-2A8541874850}.Debug|Any CPU.ActiveCfg = Debug|Any CPU
		{42C52ED0-F0DF-48B1-959A-2A8541874850}.Debug|Any CPU.Build.0 = Debug|Any CPU
		{42C52ED0-F0DF-48B1-959A-2A8541874850}.Release|Any CPU.ActiveCfg = Release|Any CPU
		{42C52ED0-F0DF-48B1-959A-2A8541874850}.Release|Any CPU.Build.0 = Release|Any CPU
	EndGlobalSection
EndGlobal
